// !$*UTF8*$!
{
	archiveVersion = 1;
	classes = {
	};
	objectVersion = 55;
	objects = {

/* Begin PBXBuildFile section */
		317A130A279097FA00A8595F /* AppDelegate.swift in Sources */ = {isa = PBXBuildFile; fileRef = 317A1309279097FA00A8595F /* AppDelegate.swift */; };
		317A130C279097FA00A8595F /* SceneDelegate.swift in Sources */ = {isa = PBXBuildFile; fileRef = 317A130B279097FA00A8595F /* SceneDelegate.swift */; };
		317A130E279097FA00A8595F /* ViewController.swift in Sources */ = {isa = PBXBuildFile; fileRef = 317A130D279097FA00A8595F /* ViewController.swift */; };
		317A1311279097FA00A8595F /* Main.storyboard in Resources */ = {isa = PBXBuildFile; fileRef = 317A130F279097FA00A8595F /* Main.storyboard */; };
		317A1313279097FC00A8595F /* Assets.xcassets in Resources */ = {isa = PBXBuildFile; fileRef = 317A1312279097FC00A8595F /* Assets.xcassets */; };
		317A1316279097FC00A8595F /* LaunchScreen.storyboard in Resources */ = {isa = PBXBuildFile; fileRef = 317A1314279097FC00A8595F /* LaunchScreen.storyboard */; };
		317A13212790983100A8595F /* LoginViewController.swift in Sources */ = {isa = PBXBuildFile; fileRef = 317A131F2790983100A8595F /* LoginViewController.swift */; };
		317A13222790983100A8595F /* LoginViewController.xib in Resources */ = {isa = PBXBuildFile; fileRef = 317A13202790983100A8595F /* LoginViewController.xib */; };
		317A1325279098B100A8595F /* RegistroViewController.swift in Sources */ = {isa = PBXBuildFile; fileRef = 317A1323279098B100A8595F /* RegistroViewController.swift */; };
		317A1326279098B100A8595F /* RegistroViewController.xib in Resources */ = {isa = PBXBuildFile; fileRef = 317A1324279098B100A8595F /* RegistroViewController.xib */; };
		317A1329279098E500A8595F /* HomeViewController.swift in Sources */ = {isa = PBXBuildFile; fileRef = 317A1327279098E500A8595F /* HomeViewController.swift */; };
		317A132A279098E500A8595F /* HomeViewController.xib in Resources */ = {isa = PBXBuildFile; fileRef = 317A1328279098E500A8595F /* HomeViewController.xib */; };
/* End PBXBuildFile section */

/* Begin PBXFileReference section */
		317A1306279097FA00A8595F /* app1.app */ = {isa = PBXFileReference; explicitFileType = wrapper.application; includeInIndex = 0; path = app1.app; sourceTree = BUILT_PRODUCTS_DIR; };
		317A1309279097FA00A8595F /* AppDelegate.swift */ = {isa = PBXFileReference; lastKnownFileType = sourcecode.swift; path = AppDelegate.swift; sourceTree = "<group>"; };
		317A130B279097FA00A8595F /* SceneDelegate.swift */ = {isa = PBXFileReference; lastKnownFileType = sourcecode.swift; path = SceneDelegate.swift; sourceTree = "<group>"; };
		317A130D279097FA00A8595F /* ViewController.swift */ = {isa = PBXFileReference; lastKnownFileType = sourcecode.swift; path = ViewController.swift; sourceTree = "<group>"; };
		317A1310279097FA00A8595F /* Base */ = {isa = PBXFileReference; lastKnownFileType = file.storyboard; name = Base; path = Base.lproj/Main.storyboard; sourceTree = "<group>"; };
		317A1312279097FC00A8595F /* Assets.xcassets */ = {isa = PBXFileReference; lastKnownFileType = folder.assetcatalog; path = Assets.xcassets; sourceTree = "<group>"; };
		317A1315279097FC00A8595F /* Base */ = {isa = PBXFileReference; lastKnownFileType = file.storyboard; name = Base; path = Base.lproj/LaunchScreen.storyboard; sourceTree = "<group>"; };
		317A1317279097FC00A8595F /* Info.plist */ = {isa = PBXFileReference; lastKnownFileType = text.plist.xml; path = Info.plist; sourceTree = "<group>"; };
		317A131F2790983100A8595F /* LoginViewController.swift */ = {isa = PBXFileReference; lastKnownFileType = sourcecode.swift; path = LoginViewController.swift; sourceTree = "<group>"; };
		317A13202790983100A8595F /* LoginViewController.xib */ = {isa = PBXFileReference; lastKnownFileType = file.xib; path = LoginViewController.xib; sourceTree = "<group>"; };
		317A1323279098B100A8595F /* RegistroViewController.swift */ = {isa = PBXFileReference; lastKnownFileType = sourcecode.swift; path = RegistroViewController.swift; sourceTree = "<group>"; };
		317A1324279098B100A8595F /* RegistroViewController.xib */ = {isa = PBXFileReference; lastKnownFileType = file.xib; path = RegistroViewController.xib; sourceTree = "<group>"; };
		317A1327279098E500A8595F /* HomeViewController.swift */ = {isa = PBXFileReference; lastKnownFileType = sourcecode.swift; path = HomeViewController.swift; sourceTree = "<group>"; };
		317A1328279098E500A8595F /* HomeViewController.xib */ = {isa = PBXFileReference; lastKnownFileType = file.xib; path = HomeViewController.xib; sourceTree = "<group>"; };
/* End PBXFileReference section */

/* Begin PBXFrameworksBuildPhase section */
		317A1303279097FA00A8595F /* Frameworks */ = {
			isa = PBXFrameworksBuildPhase;
			buildActionMask = 2147483647;
			files = (
			);
			runOnlyForDeploymentPostprocessing = 0;
		};
/* End PBXFrameworksBuildPhase section */

/* Begin PBXGroup section */
		317A12FD279097FA00A8595F = {
			isa = PBXGroup;
			children = (
				317A1308279097FA00A8595F /* app1 */,
				317A1307279097FA00A8595F /* Products */,
			);
			sourceTree = "<group>";
		};
		317A1307279097FA00A8595F /* Products */ = {
			isa = PBXGroup;
			children = (
				317A1306279097FA00A8595F /* app1.app */,
			);
			name = Products;
			sourceTree = "<group>";
		};
		317A1308279097FA00A8595F /* app1 */ = {
			isa = PBXGroup;
			children = (
				317A1309279097FA00A8595F /* AppDelegate.swift */,
				317A130B279097FA00A8595F /* SceneDelegate.swift */,
				317A130D279097FA00A8595F /* ViewController.swift */,
				317A130F279097FA00A8595F /* Main.storyboard */,
				317A1312279097FC00A8595F /* Assets.xcassets */,
				317A1314279097FC00A8595F /* LaunchScreen.storyboard */,
				317A1317279097FC00A8595F /* Info.plist */,
				317A131F2790983100A8595F /* LoginViewController.swift */,
				317A13202790983100A8595F /* LoginViewController.xib */,
				317A1323279098B100A8595F /* RegistroViewController.swift */,
				317A1324279098B100A8595F /* RegistroViewController.xib */,
				317A1327279098E500A8595F /* HomeViewController.swift */,
				317A1328279098E500A8595F /* HomeViewController.xib */,
			);
			path = app1;
			sourceTree = "<group>";
		};
/* End PBXGroup section */

/* Begin PBXNativeTarget section */
		317A1305279097FA00A8595F /* app1 */ = {
			isa = PBXNativeTarget;
			buildConfigurationList = 317A131A279097FC00A8595F /* Build configuration list for PBXNativeTarget "app1" */;
			buildPhases = (
				317A1302279097FA00A8595F /* Sources */,
				317A1303279097FA00A8595F /* Frameworks */,
				317A1304279097FA00A8595F /* Resources */,
			);
			buildRules = (
			);
			dependencies = (
			);
			name = app1;
			productName = app1;
			productReference = 317A1306279097FA00A8595F /* app1.app */;
			productType = "com.apple.product-type.application";
		};
/* End PBXNativeTarget section */

/* Begin PBXProject section */
		317A12FE279097FA00A8595F /* Project object */ = {
			isa = PBXProject;
			attributes = {
				BuildIndependentTargetsInParallel = 1;
				LastSwiftUpdateCheck = 1320;
				LastUpgradeCheck = 1320;
				TargetAttributes = {
					317A1305279097FA00A8595F = {
						CreatedOnToolsVersion = 13.2;
					};
				};
			};
			buildConfigurationList = 317A1301279097FA00A8595F /* Build configuration list for PBXProject "app1" */;
			compatibilityVersion = "Xcode 13.0";
			developmentRegion = en;
			hasScannedForEncodings = 0;
			knownRegions = (
				en,
				Base,
			);
			mainGroup = 317A12FD279097FA00A8595F;
			productRefGroup = 317A1307279097FA00A8595F /* Products */;
			projectDirPath = "";
			projectRoot = "";
			targets = (
				317A1305279097FA00A8595F /* app1 */,
			);
		};
/* End PBXProject section */

/* Begin PBXResourcesBuildPhase section */
		317A1304279097FA00A8595F /* Resources */ = {
			isa = PBXResourcesBuildPhase;
			buildActionMask = 2147483647;
			files = (
				317A13222790983100A8595F /* LoginViewController.xib in Resources */,
				317A1326279098B100A8595F /* RegistroViewController.xib in Resources */,
				317A1316279097FC00A8595F /* LaunchScreen.storyboard in Resources */,
				317A1313279097FC00A8595F /* Assets.xcassets in Resources */,
				317A1311279097FA00A8595F /* Main.storyboard in Resources */,
				317A132A279098E500A8595F /* HomeViewController.xib in Resources */,
			);
			runOnlyForDeploymentPostprocessing = 0;
		};
/* End PBXResourcesBuildPhase section */

/* Begin PBXSourcesBuildPhase section */
		317A1302279097FA00A8595F /* Sources */ = {
			isa = PBXSourcesBuildPhase;
			buildActionMask = 2147483647;
			files = (
				317A13212790983100A8595F /* LoginViewController.swift in Sources */,
				317A130E279097FA00A8595F /* ViewController.swift in Sources */,
				317A130A279097FA00A8595F /* AppDelegate.swift in Sources */,
				317A1325279098B100A8595F /* RegistroViewController.swift in Sources */,
				317A130C279097FA00A8595F /* SceneDelegate.swift in Sources */,
				317A1329279098E500A8595F /* HomeViewController.swift in Sources */,
			);
			runOnlyForDeploymentPostprocessing = 0;
		};
/* End PBXSourcesBuildPhase section */

/* Begin PBXVariantGroup section */
		317A130F279097FA00A8595F /* Main.storyboard */ = {
			isa = PBXVariantGroup;
			children = (
				317A1310279097FA00A8595F /* Base */,
			);
			name = Main.storyboard;
			sourceTree = "<group>";
		};
		317A1314279097FC00A8595F /* LaunchScreen.storyboard */ = {
			isa = PBXVariantGroup;
			children = (
				317A1315279097FC00A8595F /* Base */,
			);
			name = LaunchScreen.storyboard;
			sourceTree = "<group>";
		};
/* End PBXVariantGroup section */

/* Begin XCBuildConfiguration section */
		317A1318279097FC00A8595F /* Debug */ = {
			isa = XCBuildConfiguration;
			buildSettings = {
				ALWAYS_SEARCH_USER_PATHS = NO;
				CLANG_ANALYZER_NONNULL = YES;
				CLANG_ANALYZER_NUMBER_OBJECT_CONVERSION = YES_AGGRESSIVE;
				CLANG_CXX_LANGUAGE_STANDARD = "gnu++17";
				CLANG_CXX_LIBRARY = "libc++";
				CLANG_ENABLE_MODULES = YES;
				CLANG_ENABLE_OBJC_ARC = YES;
				CLANG_ENABLE_OBJC_WEAK = YES;
				CLANG_WARN_BLOCK_CAPTURE_AUTORELEASING = YES;
				CLANG_WARN_BOOL_CONVERSION = YES;
				CLANG_WARN_COMMA = YES;
				CLANG_WARN_CONSTANT_CONVERSION = YES;
				CLANG_WARN_DEPRECATED_OBJC_IMPLEMENTATIONS = YES;
				CLANG_WARN_DIRECT_OBJC_ISA_USAGE = YES_ERROR;
				CLANG_WARN_DOCUMENTATION_COMMENTS = YES;
				CLANG_WARN_EMPTY_BODY = YES;
				CLANG_WARN_ENUM_CONVERSION = YES;
				CLANG_WARN_INFINITE_RECURSION = YES;
				CLANG_WARN_INT_CONVERSION = YES;
				CLANG_WARN_NON_LITERAL_NULL_CONVERSION = YES;
				CLANG_WARN_OBJC_IMPLICIT_RETAIN_SELF = YES;
				CLANG_WARN_OBJC_LITERAL_CONVERSION = YES;
				CLANG_WARN_OBJC_ROOT_CLASS = YES_ERROR;
				CLANG_WARN_QUOTED_INCLUDE_IN_FRAMEWORK_HEADER = YES;
				CLANG_WARN_RANGE_LOOP_ANALYSIS = YES;
				CLANG_WARN_STRICT_PROTOTYPES = YES;
				CLANG_WARN_SUSPICIOUS_MOVE = YES;
				CLANG_WARN_UNGUARDED_AVAILABILITY = YES_AGGRESSIVE;
				CLANG_WARN_UNREACHABLE_CODE = YES;
				CLANG_WARN__DUPLICATE_METHOD_MATCH = YES;
				COPY_PHASE_STRIP = NO;
				DEBUG_INFORMATION_FORMAT = dwarf;
				ENABLE_STRICT_OBJC_MSGSEND = YES;
				ENABLE_TESTABILITY = YES;
				GCC_C_LANGUAGE_STANDARD = gnu11;
				GCC_DYNAMIC_NO_PIC = NO;
				GCC_NO_COMMON_BLOCKS = YES;
				GCC_OPTIMIZATION_LEVEL = 0;
				GCC_PREPROCESSOR_DEFINITIONS = (
					"DEBUG=1",
					"$(inherited)",
				);
				GCC_WARN_64_TO_32_BIT_CONVERSION = YES;
				GCC_WARN_ABOUT_RETURN_TYPE = YES_ERROR;
				GCC_WARN_UNDECLARED_SELECTOR = YES;
				GCC_WARN_UNINITIALIZED_AUTOS = YES_AGGRESSIVE;
				GCC_WARN_UNUSED_FUNCTION = YES;
				GCC_WARN_UNUSED_VARIABLE = YES;
				IPHONEOS_DEPLOYMENT_TARGET = 15.2;
				MTL_ENABLE_DEBUG_INFO = INCLUDE_SOURCE;
				MTL_FAST_MATH = YES;
				ONLY_ACTIVE_ARCH = YES;
				SDKROOT = iphoneos;
				SWIFT_ACTIVE_COMPILATION_CONDITIONS = DEBUG;
				SWIFT_OPTIMIZATION_LEVEL = "-Onone";
			};
			name = Debug;
		};
		317A1319279097FC00A8595F /* Release */ = {
			isa = XCBuildConfiguration;
			buildSettings = {
				ALWAYS_SEARCH_USER_PATHS = NO;
				CLANG_ANALYZER_NONNULL = YES;
				CLANG_ANALYZER_NUMBER_OBJECT_CONVERSION = YES_AGGRESSIVE;
				CLANG_CXX_LANGUAGE_STANDARD = "gnu++17";
				CLANG_CXX_LIBRARY = "libc++";
				CLANG_ENABLE_MODULES = YES;
				CLANG_ENABLE_OBJC_ARC = YES;
				CLANG_ENABLE_OBJC_WEAK = YES;
				CLANG_WARN_BLOCK_CAPTURE_AUTORELEASING = YES;
				CLANG_WARN_BOOL_CONVERSION = YES;
				CLANG_WARN_COMMA = YES;
				CLANG_WARN_CONSTANT_CONVERSION = YES;
				CLANG_WARN_DEPRECATED_OBJC_IMPLEMENTATIONS = YES;
				CLANG_WARN_DIRECT_OBJC_ISA_USAGE = YES_ERROR;
				CLANG_WARN_DOCUMENTATION_COMMENTS = YES;
				CLANG_WARN_EMPTY_BODY = YES;
				CLANG_WARN_ENUM_CONVERSION = YES;
				CLANG_WARN_INFINITE_RECURSION = YES;
				CLANG_WARN_INT_CONVERSION = YES;
				CLANG_WARN_NON_LITERAL_NULL_CONVERSION = YES;
				CLANG_WARN_OBJC_IMPLICIT_RETAIN_SELF = YES;
				CLANG_WARN_OBJC_LITERAL_CONVERSION = YES;
				CLANG_WARN_OBJC_ROOT_CLASS = YES_ERROR;
				CLANG_WARN_QUOTED_INCLUDE_IN_FRAMEWORK_HEADER = YES;
				CLANG_WARN_RANGE_LOOP_ANALYSIS = YES;
				CLANG_WARN_STRICT_PROTOTYPES = YES;
				CLANG_WARN_SUSPICIOUS_MOVE = YES;
				CLANG_WARN_UNGUARDED_AVAILABILITY = YES_AGGRESSIVE;
				CLANG_WARN_UNREACHABLE_CODE = YES;
				CLANG_WARN__DUPLICATE_METHOD_MATCH = YES;
				COPY_PHASE_STRIP = NO;
				DEBUG_INFORMATION_FORMAT = "dwarf-with-dsym";
				ENABLE_NS_ASSERTIONS = NO;
				ENABLE_STRICT_OBJC_MSGSEND = YES;
				GCC_C_LANGUAGE_STANDARD = gnu11;
				GCC_NO_COMMON_BLOCKS = YES;
				GCC_WARN_64_TO_32_BIT_CONVERSION = YES;
				GCC_WARN_ABOUT_RETURN_TYPE = YES_ERROR;
				GCC_WARN_UNDECLARED_SELECTOR = YES;
				GCC_WARN_UNINITIALIZED_AUTOS = YES_AGGRESSIVE;
				GCC_WARN_UNUSED_FUNCTION = YES;
				GCC_WARN_UNUSED_VARIABLE = YES;
				IPHONEOS_DEPLOYMENT_TARGET = 15.2;
				MTL_ENABLE_DEBUG_INFO = NO;
				MTL_FAST_MATH = YES;
				SDKROOT = iphoneos;
				SWIFT_COMPILATION_MODE = wholemodule;
				SWIFT_OPTIMIZATION_LEVEL = "-O";
				VALIDATE_PRODUCT = YES;
			};
			name = Release;
		};
		317A131B279097FC00A8595F /* Debug */ = {
			isa = XCBuildConfiguration;
			buildSettings = {
				ASSETCATALOG_COMPILER_APPICON_NAME = AppIcon;
				ASSETCATALOG_COMPILER_GLOBAL_ACCENT_COLOR_NAME = AccentColor;
				CODE_SIGN_STYLE = Automatic;
				CURRENT_PROJECT_VERSION = 1;
				GENERATE_INFOPLIST_FILE = YES;
				INFOPLIST_FILE = app1/Info.plist;
				INFOPLIST_KEY_UIApplicationSupportsIndirectInputEvents = YES;
				INFOPLIST_KEY_UILaunchStoryboardName = LaunchScreen;
				INFOPLIST_KEY_UIMainStoryboardFile = Main;
				INFOPLIST_KEY_UISupportedInterfaceOrientations_iPad = "UIInterfaceOrientationPortrait UIInterfaceOrientationPortraitUpsideDown UIInterfaceOrientationLandscapeLeft UIInterfaceOrientationLandscapeRight";
				INFOPLIST_KEY_UISupportedInterfaceOrientations_iPhone = "UIInterfaceOrientationPortrait UIInterfaceOrientationLandscapeLeft UIInterfaceOrientationLandscapeRight";
				LD_RUNPATH_SEARCH_PATHS = (
					"$(inherited)",
					"@executable_path/Frameworks",
				);
				MARKETING_VERSION = 1.0;
				PRODUCT_BUNDLE_IDENTIFIER = es.kc.sutest.app1;
				PRODUCT_NAME = "$(TARGET_NAME)";
				SWIFT_EMIT_LOC_STRINGS = YES;
				SWIFT_VERSION = 5.0;
				TARGETED_DEVICE_FAMILY = "1,2";
			};
			name = Debug;
		};
		317A131C279097FC00A8595F /* Release */ = {
			isa = XCBuildConfiguration;
			buildSettings = {
				ASSETCATALOG_COMPILER_APPICON_NAME = AppIcon;
				ASSETCATALOG_COMPILER_GLOBAL_ACCENT_COLOR_NAME = AccentColor;
				CODE_SIGN_STYLE = Automatic;
				CURRENT_PROJECT_VERSION = 1;
				GENERATE_INFOPLIST_FILE = YES;
				INFOPLIST_FILE = app1/Info.plist;
				INFOPLIST_KEY_UIApplicationSupportsIndirectInputEvents = YES;
				INFOPLIST_KEY_UILaunchStoryboardName = LaunchScreen;
				INFOPLIST_KEY_UIMainStoryboardFile = Main;
				INFOPLIST_KEY_UISupportedInterfaceOrientations_iPad = "UIInterfaceOrientationPortrait UIInterfaceOrientationPortraitUpsideDown UIInterfaceOrientationLandscapeLeft UIInterfaceOrientationLandscapeRight";
				INFOPLIST_KEY_UISupportedInterfaceOrientations_iPhone = "UIInterfaceOrientationPortrait UIInterfaceOrientationLandscapeLeft UIInterfaceOrientationLandscapeRight";
				LD_RUNPATH_SEARCH_PATHS = (
					"$(inherited)",
					"@executable_path/Frameworks",
				);
				MARKETING_VERSION = 1.0;
				PRODUCT_BUNDLE_IDENTIFIER = es.kc.sutest.app1;
				PRODUCT_NAME = "$(TARGET_NAME)";
				SWIFT_EMIT_LOC_STRINGS = YES;
				SWIFT_VERSION = 5.0;
				TARGETED_DEVICE_FAMILY = "1,2";
			};
			name = Release;
		};
/* End XCBuildConfiguration section */

/* Begin XCConfigurationList section */
		317A1301279097FA00A8595F /* Build configuration list for PBXProject "app1" */ = {
			isa = XCConfigurationList;
			buildConfigurations = (
				317A1318279097FC00A8595F /* Debug */,
				317A1319279097FC00A8595F /* Release */,
			);
			defaultConfigurationIsVisible = 0;
			defaultConfigurationName = Release;
		};
		317A131A279097FC00A8595F /* Build configuration list for PBXNativeTarget "app1" */ = {
			isa = XCConfigurationList;
			buildConfigurations = (
				317A131B279097FC00A8595F /* Debug */,
				317A131C279097FC00A8595F /* Release */,
			);
			defaultConfigurationIsVisible = 0;
			defaultConfigurationName = Release;
		};
/* End XCConfigurationList section */
	};
	rootObject = 317A12FE279097FA00A8595F /* Project object */;
}
